{
  "name": "pc-control",
  "version": "1.0.0",
  "lockfileVersion": 1,
  "requires": true,
  "dependencies": {
    "wol": {
      "version": "1.0.6",
      "resolved": "https://registry.npmjs.org/wol/-/wol-1.0.6.tgz",
      "integrity": "sha512-Pwz9NeCSw93PLW8IkR5i/TfvUuZKlkCv5QK1ccmr2s9dKcI9ssDmezGyH4oLDTkGSq0b5Cj1hPI8/lVQwZpuxQ=="
    }
  }
}
